
Microsoft Visual Studio Solution File, Format Version 12.00
# Visual Studio Version 17
VisualStudioVersion = 17.0.31903.59
MinimumVisualStudioVersion = 10.0.40219.1
Project("{FAE04EC0-301F-11D3-BF4B-00C04F79EFBC}") = "HW-2C", "HW-2C\HW-2C.csproj", "{080C8165-A8DB-4CB5-BE8A-D3167E8900FB}"
EndProject
Global
	GlobalSection(SolutionConfigurationPlatforms) = preSolution
		Debug|Any CPU = Debug|Any CPU
		Release|Any CPU = Release|Any CPU
	EndGlobalSection
	GlobalSection(SolutionProperties) = preSolution
		HideSolutionNode = FALSE
	EndGlobalSection
	GlobalSection(ProjectConfigurationPlatforms) = postSolution
		{080C8165-A8DB-4CB5-BE8A-D3167E8900FB}.Debug|Any CPU.ActiveCfg = Debug|Any CPU
		{080C8165-A8DB-4CB5-BE8A-D3167E8900FB}.Debug|Any CPU.Build.0 = Debug|Any CPU
		{080C8165-A8DB-4CB5-BE8A-D3167E8900FB}.Release|Any CPU.ActiveCfg = Release|Any CPU
		{080C8165-A8DB-4CB5-BE8A-D3167E8900FB}.Release|Any CPU.Build.0 = Release|Any CPU
	EndGlobalSection
EndGlobal
